Microsoft Visual Studio Solution File, Format Version 12.00
# Visual Studio Version 17
VisualStudioVersion = 17.5.2.0
MinimumVisualStudioVersion = 10.0.40219.1
Project("{FAE04EC0-301F-11D3-BF4B-00C04F79EFBC}") = "CraftLR.App", "CraftLR.App\CraftLR.App.csproj", "{E590FDC5-A7EF-EBD2-9CA3-16B637E8560B}"
EndProject
Project("{FAE04EC0-301F-11D3-BF4B-00C04F79EFBC}") = "CraftLR.Exercice1", "CraftLR.Exercice1\CraftLR.Exercice1.csproj", "{B6461428-28FF-E175-618F-7460F5B8B8FB}"
EndProject
Project("{FAE04EC0-301F-11D3-BF4B-00C04F79EFBC}") = "CraftLR.Exercice2", "CraftLR.Exercice2\CraftLR.Exercice2.csproj", "{C4974C0C-1D55-C3AC-51C0-B9D51E34EDF7}"
EndProject
Project("{FAE04EC0-301F-11D3-BF4B-00C04F79EFBC}") = "CraftLR.Exercice3", "CraftLR.Exercice3\CraftLR.Exercice3.csproj", "{0348B78A-F1AE-CAD7-83BB-C3A745F8FC4D}"
EndProject
Project("{FAE04EC0-301F-11D3-BF4B-00C04F79EFBC}") = "CraftLR.Exercice4", "CraftLR.Exercice4\CraftLR.Exercice4.csproj", "{3CBEE724-DA20-4A5E-4DC4-7701008F7C9E}"
EndProject
Project("{FAE04EC0-301F-11D3-BF4B-00C04F79EFBC}") = "CraftLR.Exercice5", "CraftLR.Exercice5\CraftLR.Exercice5.csproj", "{911D9E49-E02B-CA0F-9A73-A228E5E55FBB}"
EndProject
Project("{FAE04EC0-301F-11D3-BF4B-00C04F79EFBC}") = "CraftLR.Exercice6", "CraftLR.Exercice6\CraftLR.Exercice6.csproj", "{A1940DBC-40E5-2852-21C5-F343F0E4EAD9}"
EndProject
Project("{FAE04EC0-301F-11D3-BF4B-00C04F79EFBC}") = "CraftLR.Exercice7", "CraftLR.Exercice7\CraftLR.Exercice7.csproj", "{C067BAA8-DB39-D898-490D-F581D7693563}"
EndProject
Project("{FAE04EC0-301F-11D3-BF4B-00C04F79EFBC}") = "CraftLR.Exercice8", "CraftLR.Exercice8\CraftLR.Exercice8.csproj", "{060B44F3-5B41-B08F-44B9-AD761D0A5EF2}"
EndProject
Project("{FAE04EC0-301F-11D3-BF4B-00C04F79EFBC}") = "CraftLR.MVVM", "CraftLR.MVVM\CraftLR.MVVM.csproj", "{6D46C782-3F1A-301F-E1FD-96FF52F5A374}"
EndProject
Project("{FAE04EC0-301F-11D3-BF4B-00C04F79EFBC}") = "CraftLR.UI", "CraftLR.UI\CraftLR.UI.csproj", "{EDBA3861-6DA8-24FC-5FFB-9B2EE136520B}"
EndProject
Global
	GlobalSection(SolutionConfigurationPlatforms) = preSolution
		D|Any CPU = D|Any CPU
		D|x64 = D|x64
		Debug|Any CPU = Debug|Any CPU
		Debug|x64 = Debug|x64
		Release|Any CPU = Release|Any CPU
		Release|x64 = Release|x64
	EndGlobalSection
	GlobalSection(ProjectConfigurationPlatforms) = postSolution
		{E590FDC5-A7EF-EBD2-9CA3-16B637E8560B}.D|Any CPU.ActiveCfg = Debug|Any CPU
		{E590FDC5-A7EF-EBD2-9CA3-16B637E8560B}.D|Any CPU.Build.0 = Debug|Any CPU
		{E590FDC5-A7EF-EBD2-9CA3-16B637E8560B}.D|x64.ActiveCfg = D|Any CPU
		{E590FDC5-A7EF-EBD2-9CA3-16B637E8560B}.D|x64.Build.0 = D|Any CPU
		{E590FDC5-A7EF-EBD2-9CA3-16B637E8560B}.Debug|Any CPU.ActiveCfg = Debug|Any CPU
		{E590FDC5-A7EF-EBD2-9CA3-16B637E8560B}.Debug|Any CPU.Build.0 = Debug|Any CPU
		{E590FDC5-A7EF-EBD2-9CA3-16B637E8560B}.Debug|x64.ActiveCfg = Debug|Any CPU
		{E590FDC5-A7EF-EBD2-9CA3-16B637E8560B}.Debug|x64.Build.0 = Debug|Any CPU
		{E590FDC5-A7EF-EBD2-9CA3-16B637E8560B}.Release|Any CPU.ActiveCfg = Release|Any CPU
		{E590FDC5-A7EF-EBD2-9CA3-16B637E8560B}.Release|Any CPU.Build.0 = Release|Any CPU
		{E590FDC5-A7EF-EBD2-9CA3-16B637E8560B}.Release|x64.ActiveCfg = Release|Any CPU
		{E590FDC5-A7EF-EBD2-9CA3-16B637E8560B}.Release|x64.Build.0 = Release|Any CPU
		{B6461428-28FF-E175-618F-7460F5B8B8FB}.D|Any CPU.ActiveCfg = Debug|Any CPU
		{B6461428-28FF-E175-618F-7460F5B8B8FB}.D|Any CPU.Build.0 = Debug|Any CPU
		{B6461428-28FF-E175-618F-7460F5B8B8FB}.D|x64.ActiveCfg = Debug|Any CPU
		{B6461428-28FF-E175-618F-7460F5B8B8FB}.D|x64.Build.0 = Debug|Any CPU
		{B6461428-28FF-E175-618F-7460F5B8B8FB}.Debug|Any CPU.ActiveCfg = Debug|Any CPU
		{B6461428-28FF-E175-618F-7460F5B8B8FB}.Debug|Any CPU.Build.0 = Debug|Any CPU
		{B6461428-28FF-E175-618F-7460F5B8B8FB}.Debug|x64.ActiveCfg = Debug|Any CPU
		{B6461428-28FF-E175-618F-7460F5B8B8FB}.Debug|x64.Build.0 = Debug|Any CPU
		{B6461428-28FF-E175-618F-7460F5B8B8FB}.Release|Any CPU.ActiveCfg = Release|Any CPU
		{B6461428-28FF-E175-618F-7460F5B8B8FB}.Release|Any CPU.Build.0 = Release|Any CPU
		{B6461428-28FF-E175-618F-7460F5B8B8FB}.Release|x64.ActiveCfg = Release|Any CPU
		{B6461428-28FF-E175-618F-7460F5B8B8FB}.Release|x64.Build.0 = Release|Any CPU
		{C4974C0C-1D55-C3AC-51C0-B9D51E34EDF7}.D|Any CPU.ActiveCfg = Debug|Any CPU
		{C4974C0C-1D55-C3AC-51C0-B9D51E34EDF7}.D|Any CPU.Build.0 = Debug|Any CPU
		{C4974C0C-1D55-C3AC-51C0-B9D51E34EDF7}.D|x64.ActiveCfg = Debug|Any CPU
		{C4974C0C-1D55-C3AC-51C0-B9D51E34EDF7}.D|x64.Build.0 = Debug|Any CPU
		{C4974C0C-1D55-C3AC-51C0-B9D51E34EDF7}.Debug|Any CPU.ActiveCfg = Debug|Any CPU
		{C4974C0C-1D55-C3AC-51C0-B9D51E34EDF7}.Debug|Any CPU.Build.0 = Debug|Any CPU
		{C4974C0C-1D55-C3AC-51C0-B9D51E34EDF7}.Debug|x64.ActiveCfg = Debug|Any CPU
		{C4974C0C-1D55-C3AC-51C0-B9D51E34EDF7}.Debug|x64.Build.0 = Debug|Any CPU
		{C4974C0C-1D55-C3AC-51C0-B9D51E34EDF7}.Release|Any CPU.ActiveCfg = Release|Any CPU
		{C4974C0C-1D55-C3AC-51C0-B9D51E34EDF7}.Release|Any CPU.Build.0 = Release|Any CPU
		{C4974C0C-1D55-C3AC-51C0-B9D51E34EDF7}.Release|x64.ActiveCfg = Release|Any CPU
		{C4974C0C-1D55-C3AC-51C0-B9D51E34EDF7}.Release|x64.Build.0 = Release|Any CPU
		{0348B78A-F1AE-CAD7-83BB-C3A745F8FC4D}.D|Any CPU.ActiveCfg = Debug|Any CPU
		{0348B78A-F1AE-CAD7-83BB-C3A745F8FC4D}.D|Any CPU.Build.0 = Debug|Any CPU
		{0348B78A-F1AE-CAD7-83BB-C3A745F8FC4D}.D|x64.ActiveCfg = Debug|Any CPU
		{0348B78A-F1AE-CAD7-83BB-C3A745F8FC4D}.D|x64.Build.0 = Debug|Any CPU
		{0348B78A-F1AE-CAD7-83BB-C3A745F8FC4D}.Debug|Any CPU.ActiveCfg = Debug|Any CPU
		{0348B78A-F1AE-CAD7-83BB-C3A745F8FC4D}.Debug|Any CPU.Build.0 = Debug|Any CPU
		{0348B78A-F1AE-CAD7-83BB-C3A745F8FC4D}.Debug|x64.ActiveCfg = Debug|Any CPU
		{0348B78A-F1AE-CAD7-83BB-C3A745F8FC4D}.Debug|x64.Build.0 = Debug|Any CPU
		{0348B78A-F1AE-CAD7-83BB-C3A745F8FC4D}.Release|Any CPU.ActiveCfg = Release|Any CPU
		{0348B78A-F1AE-CAD7-83BB-C3A745F8FC4D}.Release|Any CPU.Build.0 = Release|Any CPU
		{0348B78A-F1AE-CAD7-83BB-C3A745F8FC4D}.Release|x64.ActiveCfg = Release|Any CPU
		{0348B78A-F1AE-CAD7-83BB-C3A745F8FC4D}.Release|x64.Build.0 = Release|Any CPU
		{3CBEE724-DA20-4A5E-4DC4-7701008F7C9E}.D|Any CPU.ActiveCfg = Debug|Any CPU
		{3CBEE724-DA20-4A5E-4DC4-7701008F7C9E}.D|Any CPU.Build.0 = Debug|Any CPU
		{3CBEE724-DA20-4A5E-4DC4-7701008F7C9E}.D|x64.ActiveCfg = Debug|Any CPU
		{3CBEE724-DA20-4A5E-4DC4-7701008F7C9E}.D|x64.Build.0 = Debug|Any CPU
		{3CBEE724-DA20-4A5E-4DC4-7701008F7C9E}.Debug|Any CPU.ActiveCfg = Debug|Any CPU
		{3CBEE724-DA20-4A5E-4DC4-7701008F7C9E}.Debug|Any CPU.Build.0 = Debug|Any CPU
		{3CBEE724-DA20-4A5E-4DC4-7701008F7C9E}.Debug|x64.ActiveCfg = Debug|Any CPU
		{3CBEE724-DA20-4A5E-4DC4-7701008F7C9E}.Debug|x64.Build.0 = Debug|Any CPU
		{3CBEE724-DA20-4A5E-4DC4-7701008F7C9E}.Release|Any CPU.ActiveCfg = Release|Any CPU
		{3CBEE724-DA20-4A5E-4DC4-7701008F7C9E}.Release|Any CPU.Build.0 = Release|Any CPU
		{3CBEE724-DA20-4A5E-4DC4-7701008F7C9E}.Release|x64.ActiveCfg = Release|Any CPU
		{3CBEE724-DA20-4A5E-4DC4-7701008F7C9E}.Release|x64.Build.0 = Release|Any CPU
		{911D9E49-E02B-CA0F-9A73-A228E5E55FBB}.D|Any CPU.ActiveCfg = Debug|Any CPU
		{911D9E49-E02B-CA0F-9A73-A228E5E55FBB}.D|Any CPU.Build.0 = Debug|Any CPU
		{911D9E49-E02B-CA0F-9A73-A228E5E55FBB}.D|x64.ActiveCfg = Debug|Any CPU
		{911D9E49-E02B-CA0F-9A73-A228E5E55FBB}.D|x64.Build.0 = Debug|Any CPU
		{911D9E49-E02B-CA0F-9A73-A228E5E55FBB}.Debug|Any CPU.ActiveCfg = Debug|Any CPU
		{911D9E49-E02B-CA0F-9A73-A228E5E55FBB}.Debug|Any CPU.Build.0 = Debug|Any CPU
		{911D9E49-E02B-CA0F-9A73-A228E5E55FBB}.Debug|x64.ActiveCfg = Debug|Any CPU
		{911D9E49-E02B-CA0F-9A73-A228E5E55FBB}.Debug|x64.Build.0 = Debug|Any CPU
		{911D9E49-E02B-CA0F-9A73-A228E5E55FBB}.Release|Any CPU.ActiveCfg = Release|Any CPU
		{911D9E49-E02B-CA0F-9A73-A228E5E55FBB}.Release|Any CPU.Build.0 = Release|Any CPU
		{911D9E49-E02B-CA0F-9A73-A228E5E55FBB}.Release|x64.ActiveCfg = Release|Any CPU
		{911D9E49-E02B-CA0F-9A73-A228E5E55FBB}.Release|x64.Build.0 = Release|Any CPU
		{A1940DBC-40E5-2852-21C5-F343F0E4EAD9}.D|Any CPU.ActiveCfg = Debug|Any CPU
		{A1940DBC-40E5-2852-21C5-F343F0E4EAD9}.D|Any CPU.Build.0 = Debug|Any CPU
		{A1940DBC-40E5-2852-21C5-F343F0E4EAD9}.D|x64.ActiveCfg = Debug|Any CPU
		{A1940DBC-40E5-2852-21C5-F343F0E4EAD9}.D|x64.Build.0 = Debug|Any CPU
		{A1940DBC-40E5-2852-21C5-F343F0E4EAD9}.Debug|Any CPU.ActiveCfg = Debug|Any CPU
		{A1940DBC-40E5-2852-21C5-F343F0E4EAD9}.Debug|Any CPU.Build.0 = Debug|Any CPU
		{A1940DBC-40E5-2852-21C5-F343F0E4EAD9}.Debug|x64.ActiveCfg = Debug|Any CPU
		{A1940DBC-40E5-2852-21C5-F343F0E4EAD9}.Debug|x64.Build.0 = Debug|Any CPU
		{A1940DBC-40E5-2852-21C5-F343F0E4EAD9}.Release|Any CPU.ActiveCfg = Release|Any CPU
		{A1940DBC-40E5-2852-21C5-F343F0E4EAD9}.Release|Any CPU.Build.0 = Release|Any CPU
		{A1940DBC-40E5-2852-21C5-F343F0E4EAD9}.Release|x64.ActiveCfg = Release|Any CPU
		{A1940DBC-40E5-2852-21C5-F343F0E4EAD9}.Release|x64.Build.0 = Release|Any CPU
		{C067BAA8-DB39-D898-490D-F581D7693563}.D|Any CPU.ActiveCfg = Debug|Any CPU
		{C067BAA8-DB39-D898-490D-F581D7693563}.D|Any CPU.Build.0 = Debug|Any CPU
		{C067BAA8-DB39-D898-490D-F581D7693563}.D|x64.ActiveCfg = Debug|Any CPU
		{C067BAA8-DB39-D898-490D-F581D7693563}.D|x64.Build.0 = Debug|Any CPU
		{C067BAA8-DB39-D898-490D-F581D7693563}.Debug|Any CPU.ActiveCfg = Debug|Any CPU
		{C067BAA8-DB39-D898-490D-F581D7693563}.Debug|Any CPU.Build.0 = Debug|Any CPU
		{C067BAA8-DB39-D898-490D-F581D7693563}.Debug|x64.ActiveCfg = Debug|Any CPU
		{C067BAA8-DB39-D898-490D-F581D7693563}.Debug|x64.Build.0 = Debug|Any CPU
		{C067BAA8-DB39-D898-490D-F581D7693563}.Release|Any CPU.ActiveCfg = Release|Any CPU
		{C067BAA8-DB39-D898-490D-F581D7693563}.Release|Any CPU.Build.0 = Release|Any CPU
		{C067BAA8-DB39-D898-490D-F581D7693563}.Release|x64.ActiveCfg = Release|Any CPU
		{C067BAA8-DB39-D898-490D-F581D7693563}.Release|x64.Build.0 = Release|Any CPU
		{060B44F3-5B41-B08F-44B9-AD761D0A5EF2}.D|Any CPU.ActiveCfg = Debug|Any CPU
		{060B44F3-5B41-B08F-44B9-AD761D0A5EF2}.D|Any CPU.Build.0 = Debug|Any CPU
		{060B44F3-5B41-B08F-44B9-AD761D0A5EF2}.D|x64.ActiveCfg = Release|x64
		{060B44F3-5B41-B08F-44B9-AD761D0A5EF2}.D|x64.Build.0 = Release|x64
		{060B44F3-5B41-B08F-44B9-AD761D0A5EF2}.Debug|Any CPU.ActiveCfg = Debug|Any CPU
		{060B44F3-5B41-B08F-44B9-AD761D0A5EF2}.Debug|Any CPU.Build.0 = Debug|Any CPU
		{060B44F3-5B41-B08F-44B9-AD761D0A5EF2}.Debug|x64.ActiveCfg = Debug|x64
		{060B44F3-5B41-B08F-44B9-AD761D0A5EF2}.Debug|x64.Build.0 = Debug|x64
		{060B44F3-5B41-B08F-44B9-AD761D0A5EF2}.Release|Any CPU.ActiveCfg = Release|Any CPU
		{060B44F3-5B41-B08F-44B9-AD761D0A5EF2}.Release|Any CPU.Build.0 = Release|Any CPU
		{060B44F3-5B41-B08F-44B9-AD761D0A5EF2}.Release|x64.ActiveCfg = Release|x64
		{060B44F3-5B41-B08F-44B9-AD761D0A5EF2}.Release|x64.Build.0 = Release|x64
		{6D46C782-3F1A-301F-E1FD-96FF52F5A374}.D|Any CPU.ActiveCfg = Debug|Any CPU
		{6D46C782-3F1A-301F-E1FD-96FF52F5A374}.D|Any CPU.Build.0 = Debug|Any CPU
		{6D46C782-3F1A-301F-E1FD-96FF52F5A374}.D|x64.ActiveCfg = Debug|Any CPU
		{6D46C782-3F1A-301F-E1FD-96FF52F5A374}.D|x64.Build.0 = Debug|Any CPU
		{6D46C782-3F1A-301F-E1FD-96FF52F5A374}.Debug|Any CPU.ActiveCfg = Debug|Any CPU
		{6D46C782-3F1A-301F-E1FD-96FF52F5A374}.Debug|Any CPU.Build.0 = Debug|Any CPU
		{6D46C782-3F1A-301F-E1FD-96FF52F5A374}.Debug|x64.ActiveCfg = Debug|Any CPU
		{6D46C782-3F1A-301F-E1FD-96FF52F5A374}.Debug|x64.Build.0 = Debug|Any CPU
		{6D46C782-3F1A-301F-E1FD-96FF52F5A374}.Release|Any CPU.ActiveCfg = Release|Any CPU
		{6D46C782-3F1A-301F-E1FD-96FF52F5A374}.Release|Any CPU.Build.0 = Release|Any CPU
		{6D46C782-3F1A-301F-E1FD-96FF52F5A374}.Release|x64.ActiveCfg = Release|Any CPU
		{6D46C782-3F1A-301F-E1FD-96FF52F5A374}.Release|x64.Build.0 = Release|Any CPU
		{EDBA3861-6DA8-24FC-5FFB-9B2EE136520B}.D|Any CPU.ActiveCfg = Debug|Any CPU
		{EDBA3861-6DA8-24FC-5FFB-9B2EE136520B}.D|Any CPU.Build.0 = Debug|Any CPU
		{EDBA3861-6DA8-24FC-5FFB-9B2EE136520B}.D|x64.ActiveCfg = Debug|Any CPU
		{EDBA3861-6DA8-24FC-5FFB-9B2EE136520B}.D|x64.Build.0 = Debug|Any CPU
		{EDBA3861-6DA8-24FC-5FFB-9B2EE136520B}.Debug|Any CPU.ActiveCfg = Debug|Any CPU
		{EDBA3861-6DA8-24FC-5FFB-9B2EE136520B}.Debug|Any CPU.Build.0 = Debug|Any CPU
		{EDBA3861-6DA8-24FC-5FFB-9B2EE136520B}.Debug|x64.ActiveCfg = Debug|Any CPU
		{EDBA3861-6DA8-24FC-5FFB-9B2EE136520B}.Debug|x64.Build.0 = Debug|Any CPU
		{EDBA3861-6DA8-24FC-5FFB-9B2EE136520B}.Release|Any CPU.ActiveCfg = Release|Any CPU
		{EDBA3861-6DA8-24FC-5FFB-9B2EE136520B}.Release|Any CPU.Build.0 = Release|Any CPU
		{EDBA3861-6DA8-24FC-5FFB-9B2EE136520B}.Release|x64.ActiveCfg = Release|Any CPU
		{EDBA3861-6DA8-24FC-5FFB-9B2EE136520B}.Release|x64.Build.0 = Release|Any CPU
	EndGlobalSection
	GlobalSection(SolutionProperties) = preSolution
		HideSolutionNode = FALSE
	EndGlobalSection
	GlobalSection(ExtensibilityGlobals) = postSolution
		SolutionGuid = {1114D094-DB66-4292-A4DC-CE7BD3B8C110}
	EndGlobalSection
EndGlobal
